
Microsoft Visual Studio Solution File, Format Version 12.00
# Visual Studio 15
VisualStudioVersion = 15.0.28307.168
MinimumVisualStudioVersion = 10.0.40219.1
Project("{FAE04EC0-301F-11D3-BF4B-00C04F79EFBC}") = "IndicatorOnListItem.Android", "IndicatorOnListItem\IndicatorOnListItem.Android\IndicatorOnListItem.Android.csproj", "{3DAAB93E-F5CC-4156-8B88-631E8B75E4BB}"
EndProject
Project("{FAE04EC0-301F-11D3-BF4B-00C04F79EFBC}") = "IndicatorOnListItem.iOS", "IndicatorOnListItem\IndicatorOnListItem.iOS\IndicatorOnListItem.iOS.csproj", "{AC17427B-C3FC-49DA-A902-99D40F69F7A1}"
EndProject
Project("{FAE04EC0-301F-11D3-BF4B-00C04F79EFBC}") = "IndicatorOnListItem.UWP", "IndicatorOnListItem\IndicatorOnListItem.UWP\IndicatorOnListItem.UWP.csproj", "{F46157A1-AD1D-4602-9650-9F66C5753B01}"
EndProject
Project("{FAE04EC0-301F-11D3-BF4B-00C04F79EFBC}") = "IndicatorOnListItem", "IndicatorOnListItem\IndicatorOnListItem\IndicatorOnListItem.csproj", "{617B13E7-3E81-490D-B195-E0EF0D8D30CF}"
EndProject
Global
	GlobalSection(SolutionConfigurationPlatforms) = preSolution
		Ad-Hoc|Any CPU = Ad-Hoc|Any CPU
		Ad-Hoc|ARM = Ad-Hoc|ARM
		Ad-Hoc|iPhone = Ad-Hoc|iPhone
		Ad-Hoc|iPhoneSimulator = Ad-Hoc|iPhoneSimulator
		Ad-Hoc|x64 = Ad-Hoc|x64
		Ad-Hoc|x86 = Ad-Hoc|x86
		AppStore|Any CPU = AppStore|Any CPU
		AppStore|ARM = AppStore|ARM
		AppStore|iPhone = AppStore|iPhone
		AppStore|iPhoneSimulator = AppStore|iPhoneSimulator
		AppStore|x64 = AppStore|x64
		AppStore|x86 = AppStore|x86
		Debug|Any CPU = Debug|Any CPU
		Debug|ARM = Debug|ARM
		Debug|iPhone = Debug|iPhone
		Debug|iPhoneSimulator = Debug|iPhoneSimulator
		Debug|x64 = Debug|x64
		Debug|x86 = Debug|x86
		Release|Any CPU = Release|Any CPU
		Release|ARM = Release|ARM
		Release|iPhone = Release|iPhone
		Release|iPhoneSimulator = Release|iPhoneSimulator
		Release|x64 = Release|x64
		Release|x86 = Release|x86
	EndGlobalSection
	GlobalSection(ProjectConfigurationPlatforms) = postSolution
		{3DAAB93E-F5CC-4156-8B88-631E8B75E4BB}.Ad-Hoc|Any CPU.ActiveCfg = Release|Any CPU
		{3DAAB93E-F5CC-4156-8B88-631E8B75E4BB}.Ad-Hoc|Any CPU.Build.0 = Release|Any CPU
		{3DAAB93E-F5CC-4156-8B88-631E8B75E4BB}.Ad-Hoc|Any CPU.Deploy.0 = Release|Any CPU
		{3DAAB93E-F5CC-4156-8B88-631E8B75E4BB}.Ad-Hoc|ARM.ActiveCfg = Release|Any CPU
		{3DAAB93E-F5CC-4156-8B88-631E8B75E4BB}.Ad-Hoc|ARM.Build.0 = Release|Any CPU
		{3DAAB93E-F5CC-4156-8B88-631E8B75E4BB}.Ad-Hoc|ARM.Deploy.0 = Release|Any CPU
		{3DAAB93E-F5CC-4156-8B88-631E8B75E4BB}.Ad-Hoc|iPhone.ActiveCfg = Release|Any CPU
		{3DAAB93E-F5CC-4156-8B88-631E8B75E4BB}.Ad-Hoc|iPhone.Build.0 = Release|Any CPU
		{3DAAB93E-F5CC-4156-8B88-631E8B75E4BB}.Ad-Hoc|iPhone.Deploy.0 = Release|Any CPU
		{3DAAB93E-F5CC-4156-8B88-631E8B75E4BB}.Ad-Hoc|iPhoneSimulator.ActiveCfg = Release|Any CPU
		{3DAAB93E-F5CC-4156-8B88-631E8B75E4BB}.Ad-Hoc|iPhoneSimulator.Build.0 = Release|Any CPU
		{3DAAB93E-F5CC-4156-8B88-631E8B75E4BB}.Ad-Hoc|iPhoneSimulator.Deploy.0 = Release|Any CPU
		{3DAAB93E-F5CC-4156-8B88-631E8B75E4BB}.Ad-Hoc|x64.ActiveCfg = Release|Any CPU
		{3DAAB93E-F5CC-4156-8B88-631E8B75E4BB}.Ad-Hoc|x64.Build.0 = Release|Any CPU
		{3DAAB93E-F5CC-4156-8B88-631E8B75E4BB}.Ad-Hoc|x64.Deploy.0 = Release|Any CPU
		{3DAAB93E-F5CC-4156-8B88-631E8B75E4BB}.Ad-Hoc|x86.ActiveCfg = Release|Any CPU
		{3DAAB93E-F5CC-4156-8B88-631E8B75E4BB}.Ad-Hoc|x86.Build.0 = Release|Any CPU
		{3DAAB93E-F5CC-4156-8B88-631E8B75E4BB}.Ad-Hoc|x86.Deploy.0 = Release|Any CPU
		{3DAAB93E-F5CC-4156-8B88-631E8B75E4BB}.AppStore|Any CPU.ActiveCfg = Release|Any CPU
		{3DAAB93E-F5CC-4156-8B88-631E8B75E4BB}.AppStore|Any CPU.Build.0 = Release|Any CPU
		{3DAAB93E-F5CC-4156-8B88-631E8B75E4BB}.AppStore|Any CPU.Deploy.0 = Release|Any CPU
		{3DAAB93E-F5CC-4156-8B88-631E8B75E4BB}.AppStore|ARM.ActiveCfg = Release|Any CPU
		{3DAAB93E-F5CC-4156-8B88-631E8B75E4BB}.AppStore|ARM.Build.0 = Release|Any CPU
		{3DAAB93E-F5CC-4156-8B88-631E8B75E4BB}.AppStore|ARM.Deploy.0 = Release|Any CPU
		{3DAAB93E-F5CC-4156-8B88-631E8B75E4BB}.AppStore|iPhone.ActiveCfg = Release|Any CPU
		{3DAAB93E-F5CC-4156-8B88-631E8B75E4BB}.AppStore|iPhone.Build.0 = Release|Any CPU
		{3DAAB93E-F5CC-4156-8B88-631E8B75E4BB}.AppStore|iPhone.Deploy.0 = Release|Any CPU
		{3DAAB93E-F5CC-4156-8B88-631E8B75E4BB}.AppStore|iPhoneSimulator.ActiveCfg = Release|Any CPU
		{3DAAB93E-F5CC-4156-8B88-631E8B75E4BB}.AppStore|iPhoneSimulator.Build.0 = Release|Any CPU
		{3DAAB93E-F5CC-4156-8B88-631E8B75E4BB}.AppStore|iPhoneSimulator.Deploy.0 = Release|Any CPU
		{3DAAB93E-F5CC-4156-8B88-631E8B75E4BB}.AppStore|x64.ActiveCfg = Release|Any CPU
		{3DAAB93E-F5CC-4156-8B88-631E8B75E4BB}.AppStore|x64.Build.0 = Release|Any CPU
		{3DAAB93E-F5CC-4156-8B88-631E8B75E4BB}.AppStore|x64.Deploy.0 = Release|Any CPU
		{3DAAB93E-F5CC-4156-8B88-631E8B75E4BB}.AppStore|x86.ActiveCfg = Release|Any CPU
		{3DAAB93E-F5CC-4156-8B88-631E8B75E4BB}.AppStore|x86.Build.0 = Release|Any CPU
		{3DAAB93E-F5CC-4156-8B88-631E8B75E4BB}.AppStore|x86.Deploy.0 = Release|Any CPU
		{3DAAB93E-F5CC-4156-8B88-631E8B75E4BB}.Debug|Any CPU.ActiveCfg = Debug|Any CPU
		{3DAAB93E-F5CC-4156-8B88-631E8B75E4BB}.Debug|Any CPU.Build.0 = Debug|Any CPU
		{3DAAB93E-F5CC-4156-8B88-631E8B75E4BB}.Debug|Any CPU.Deploy.0 = Debug|Any CPU
		{3DAAB93E-F5CC-4156-8B88-631E8B75E4BB}.Debug|ARM.ActiveCfg = Debug|Any CPU
		{3DAAB93E-F5CC-4156-8B88-631E8B75E4BB}.Debug|ARM.Build.0 = Debug|Any CPU
		{3DAAB93E-F5CC-4156-8B88-631E8B75E4BB}.Debug|ARM.Deploy.0 = Debug|Any CPU
		{3DAAB93E-F5CC-4156-8B88-631E8B75E4BB}.Debug|iPhone.ActiveCfg = Debug|Any CPU
		{3DAAB93E-F5CC-4156-8B88-631E8B75E4BB}.Debug|iPhone.Build.0 = Debug|Any CPU
		{3DAAB93E-F5CC-4156-8B88-631E8B75E4BB}.Debug|iPhone.Deploy.0 = Debug|Any CPU
		{3DAAB93E-F5CC-4156-8B88-631E8B75E4BB}.Debug|iPhoneSimulator.ActiveCfg = Debug|Any CPU
		{3DAAB93E-F5CC-4156-8B88-631E8B75E4BB}.Debug|iPhoneSimulator.Build.0 = Debug|Any CPU
		{3DAAB93E-F5CC-4156-8B88-631E8B75E4BB}.Debug|iPhoneSimulator.Deploy.0 = Debug|Any CPU
		{3DAAB93E-F5CC-4156-8B88-631E8B75E4BB}.Debug|x64.ActiveCfg = Debug|Any CPU
		{3DAAB93E-F5CC-4156-8B88-631E8B75E4BB}.Debug|x64.Build.0 = Debug|Any CPU
		{3DAAB93E-F5CC-4156-8B88-631E8B75E4BB}.Debug|x64.Deploy.0 = Debug|Any CPU
		{3DAAB93E-F5CC-4156-8B88-631E8B75E4BB}.Debug|x86.ActiveCfg = Debug|Any CPU
		{3DAAB93E-F5CC-4156-8B88-631E8B75E4BB}.Debug|x86.Build.0 = Debug|Any CPU
		{3DAAB93E-F5CC-4156-8B88-631E8B75E4BB}.Debug|x86.Deploy.0 = Debug|Any CPU
		{3DAAB93E-F5CC-4156-8B88-631E8B75E4BB}.Release|Any CPU.ActiveCfg = Release|Any CPU
		{3DAAB93E-F5CC-4156-8B88-631E8B75E4BB}.Release|Any CPU.Build.0 = Release|Any CPU
		{3DAAB93E-F5CC-4156-8B88-631E8B75E4BB}.Release|Any CPU.Deploy.0 = Release|Any CPU
		{3DAAB93E-F5CC-4156-8B88-631E8B75E4BB}.Release|ARM.ActiveCfg = Release|Any CPU
		{3DAAB93E-F5CC-4156-8B88-631E8B75E4BB}.Release|ARM.Build.0 = Release|Any CPU
		{3DAAB93E-F5CC-4156-8B88-631E8B75E4BB}.Release|ARM.Deploy.0 = Release|Any CPU
		{3DAAB93E-F5CC-4156-8B88-631E8B75E4BB}.Release|iPhone.ActiveCfg = Release|Any CPU
		{3DAAB93E-F5CC-4156-8B88-631E8B75E4BB}.Release|iPhone.Build.0 = Release|Any CPU
		{3DAAB93E-F5CC-4156-8B88-631E8B75E4BB}.Release|iPhone.Deploy.0 = Release|Any CPU
		{3DAAB93E-F5CC-4156-8B88-631E8B75E4BB}.Release|iPhoneSimulator.ActiveCfg = Release|Any CPU
		{3DAAB93E-F5CC-4156-8B88-631E8B75E4BB}.Release|iPhoneSimulator.Build.0 = Release|Any CPU
		{3DAAB93E-F5CC-4156-8B88-631E8B75E4BB}.Release|iPhoneSimulator.Deploy.0 = Release|Any CPU
		{3DAAB93E-F5CC-4156-8B88-631E8B75E4BB}.Release|x64.ActiveCfg = Release|Any CPU
		{3DAAB93E-F5CC-4156-8B88-631E8B75E4BB}.Release|x64.Build.0 = Release|Any CPU
		{3DAAB93E-F5CC-4156-8B88-631E8B75E4BB}.Release|x64.Deploy.0 = Release|Any CPU
		{3DAAB93E-F5CC-4156-8B88-631E8B75E4BB}.Release|x86.ActiveCfg = Release|Any CPU
		{3DAAB93E-F5CC-4156-8B88-631E8B75E4BB}.Release|x86.Build.0 = Release|Any CPU
		{3DAAB93E-F5CC-4156-8B88-631E8B75E4BB}.Release|x86.Deploy.0 = Release|Any CPU
		{AC17427B-C3FC-49DA-A902-99D40F69F7A1}.Ad-Hoc|Any CPU.ActiveCfg = Ad-Hoc|iPhone
		{AC17427B-C3FC-49DA-A902-99D40F69F7A1}.Ad-Hoc|Any CPU.Build.0 = Ad-Hoc|iPhone
		{AC17427B-C3FC-49DA-A902-99D40F69F7A1}.Ad-Hoc|Any CPU.Deploy.0 = Ad-Hoc|iPhone
		{AC17427B-C3FC-49DA-A902-99D40F69F7A1}.Ad-Hoc|ARM.ActiveCfg = Ad-Hoc|iPhone
		{AC17427B-C3FC-49DA-A902-99D40F69F7A1}.Ad-Hoc|ARM.Build.0 = Ad-Hoc|iPhone
		{AC17427B-C3FC-49DA-A902-99D40F69F7A1}.Ad-Hoc|ARM.Deploy.0 = Ad-Hoc|iPhone
		{AC17427B-C3FC-49DA-A902-99D40F69F7A1}.Ad-Hoc|iPhone.ActiveCfg = Ad-Hoc|iPhone
		{AC17427B-C3FC-49DA-A902-99D40F69F7A1}.Ad-Hoc|iPhone.Build.0 = Ad-Hoc|iPhone
		{AC17427B-C3FC-49DA-A902-99D40F69F7A1}.Ad-Hoc|iPhone.Deploy.0 = Ad-Hoc|iPhone
		{AC17427B-C3FC-49DA-A902-99D40F69F7A1}.Ad-Hoc|iPhoneSimulator.ActiveCfg = Ad-Hoc|iPhoneSimulator
		{AC17427B-C3FC-49DA-A902-99D40F69F7A1}.Ad-Hoc|iPhoneSimulator.Build.0 = Ad-Hoc|iPhoneSimulator
		{AC17427B-C3FC-49DA-A902-99D40F69F7A1}.Ad-Hoc|iPhoneSimulator.Deploy.0 = Ad-Hoc|iPhoneSimulator
		{AC17427B-C3FC-49DA-A902-99D40F69F7A1}.Ad-Hoc|x64.ActiveCfg = Ad-Hoc|iPhone
		{AC17427B-C3FC-49DA-A902-99D40F69F7A1}.Ad-Hoc|x64.Build.0 = Ad-Hoc|iPhone
		{AC17427B-C3FC-49DA-A902-99D40F69F7A1}.Ad-Hoc|x64.Deploy.0 = Ad-Hoc|iPhone
		{AC17427B-C3FC-49DA-A902-99D40F69F7A1}.Ad-Hoc|x86.ActiveCfg = Ad-Hoc|iPhone
		{AC17427B-C3FC-49DA-A902-99D40F69F7A1}.Ad-Hoc|x86.Build.0 = Ad-Hoc|iPhone
		{AC17427B-C3FC-49DA-A902-99D40F69F7A1}.Ad-Hoc|x86.Deploy.0 = Ad-Hoc|iPhone
		{AC17427B-C3FC-49DA-A902-99D40F69F7A1}.AppStore|Any CPU.ActiveCfg = AppStore|iPhone
		{AC17427B-C3FC-49DA-A902-99D40F69F7A1}.AppStore|Any CPU.Build.0 = AppStore|iPhone
		{AC17427B-C3FC-49DA-A902-99D40F69F7A1}.AppStore|Any CPU.Deploy.0 = AppStore|iPhone
		{AC17427B-C3FC-49DA-A902-99D40F69F7A1}.AppStore|ARM.ActiveCfg = AppStore|iPhone
		{AC17427B-C3FC-49DA-A902-99D40F69F7A1}.AppStore|ARM.Build.0 = AppStore|iPhone
		{AC17427B-C3FC-49DA-A902-99D40F69F7A1}.AppStore|ARM.Deploy.0 = AppStore|iPhone
		{AC17427B-C3FC-49DA-A902-99D40F69F7A1}.AppStore|iPhone.ActiveCfg = AppStore|iPhone
		{AC17427B-C3FC-49DA-A902-99D40F69F7A1}.AppStore|iPhone.Build.0 = AppStore|iPhone
		{AC17427B-C3FC-49DA-A902-99D40F69F7A1}.AppStore|iPhone.Deploy.0 = AppStore|iPhone
		{AC17427B-C3FC-49DA-A902-99D40F69F7A1}.AppStore|iPhoneSimulator.ActiveCfg = AppStore|iPhoneSimulator
		{AC17427B-C3FC-49DA-A902-99D40F69F7A1}.AppStore|iPhoneSimulator.Build.0 = AppStore|iPhoneSimulator
		{AC17427B-C3FC-49DA-A902-99D40F69F7A1}.AppStore|iPhoneSimulator.Deploy.0 = AppStore|iPhoneSimulator
		{AC17427B-C3FC-49DA-A902-99D40F69F7A1}.AppStore|x64.ActiveCfg = AppStore|iPhone
		{AC17427B-C3FC-49DA-A902-99D40F69F7A1}.AppStore|x64.Build.0 = AppStore|iPhone
		{AC17427B-C3FC-49DA-A902-99D40F69F7A1}.AppStore|x64.Deploy.0 = AppStore|iPhone
		{AC17427B-C3FC-49DA-A902-99D40F69F7A1}.AppStore|x86.ActiveCfg = AppStore|iPhone
		{AC17427B-C3FC-49DA-A902-99D40F69F7A1}.AppStore|x86.Build.0 = AppStore|iPhone
		{AC17427B-C3FC-49DA-A902-99D40F69F7A1}.AppStore|x86.Deploy.0 = AppStore|iPhone
		{AC17427B-C3FC-49DA-A902-99D40F69F7A1}.Debug|Any CPU.ActiveCfg = Debug|iPhoneSimulator
		{AC17427B-C3FC-49DA-A902-99D40F69F7A1}.Debug|Any CPU.Build.0 = Debug|iPhoneSimulator
		{AC17427B-C3FC-49DA-A902-99D40F69F7A1}.Debug|Any CPU.Deploy.0 = Debug|iPhoneSimulator
		{AC17427B-C3FC-49DA-A902-99D40F69F7A1}.Debug|ARM.ActiveCfg = Debug|iPhone
		{AC17427B-C3FC-49DA-A902-99D40F69F7A1}.Debug|ARM.Build.0 = Debug|iPhone
		{AC17427B-C3FC-49DA-A902-99D40F69F7A1}.Debug|ARM.Deploy.0 = Debug|iPhone
		{AC17427B-C3FC-49DA-A902-99D40F69F7A1}.Debug|iPhone.ActiveCfg = Debug|iPhone
		{AC17427B-C3FC-49DA-A902-99D40F69F7A1}.Debug|iPhone.Build.0 = Debug|iPhone
		{AC17427B-C3FC-49DA-A902-99D40F69F7A1}.Debug|iPhone.Deploy.0 = Debug|iPhone
		{AC17427B-C3FC-49DA-A902-99D40F69F7A1}.Debug|iPhoneSimulator.ActiveCfg = Debug|iPhoneSimulator
		{AC17427B-C3FC-49DA-A902-99D40F69F7A1}.Debug|iPhoneSimulator.Build.0 = Debug|iPhoneSimulator
		{AC17427B-C3FC-49DA-A902-99D40F69F7A1}.Debug|iPhoneSimulator.Deploy.0 = Debug|iPhoneSimulator
		{AC17427B-C3FC-49DA-A902-99D40F69F7A1}.Debug|x64.ActiveCfg = Debug|iPhone
		{AC17427B-C3FC-49DA-A902-99D40F69F7A1}.Debug|x64.Build.0 = Debug|iPhone
		{AC17427B-C3FC-49DA-A902-99D40F69F7A1}.Debug|x64.Deploy.0 = Debug|iPhone
		{AC17427B-C3FC-49DA-A902-99D40F69F7A1}.Debug|x86.ActiveCfg = Debug|iPhone
		{AC17427B-C3FC-49DA-A902-99D40F69F7A1}.Debug|x86.Build.0 = Debug|iPhone
		{AC17427B-C3FC-49DA-A902-99D40F69F7A1}.Debug|x86.Deploy.0 = Debug|iPhone
		{AC17427B-C3FC-49DA-A902-99D40F69F7A1}.Release|Any CPU.ActiveCfg = Release|iPhone
		{AC17427B-C3FC-49DA-A902-99D40F69F7A1}.Release|Any CPU.Build.0 = Release|iPhone
		{AC17427B-C3FC-49DA-A902-99D40F69F7A1}.Release|Any CPU.Deploy.0 = Release|iPhone
		{AC17427B-C3FC-49DA-A902-99D40F69F7A1}.Release|ARM.ActiveCfg = Release|iPhone
		{AC17427B-C3FC-49DA-A902-99D40F69F7A1}.Release|ARM.Build.0 = Release|iPhone
		{AC17427B-C3FC-49DA-A902-99D40F69F7A1}.Release|ARM.Deploy.0 = Release|iPhone
		{AC17427B-C3FC-49DA-A902-99D40F69F7A1}.Release|iPhone.ActiveCfg = Release|iPhone
		{AC17427B-C3FC-49DA-A902-99D40F69F7A1}.Release|iPhone.Build.0 = Release|iPhone
		{AC17427B-C3FC-49DA-A902-99D40F69F7A1}.Release|iPhone.Deploy.0 = Release|iPhone
		{AC17427B-C3FC-49DA-A902-99D40F69F7A1}.Release|iPhoneSimulator.ActiveCfg = Release|iPhoneSimulator
		{AC17427B-C3FC-49DA-A902-99D40F69F7A1}.Release|iPhoneSimulator.Build.0 = Release|iPhoneSimulator
		{AC17427B-C3FC-49DA-A902-99D40F69F7A1}.Release|iPhoneSimulator.Deploy.0 = Release|iPhoneSimulator
		{AC17427B-C3FC-49DA-A902-99D40F69F7A1}.Release|x64.ActiveCfg = Release|iPhone
		{AC17427B-C3FC-49DA-A902-99D40F69F7A1}.Release|x64.Build.0 = Release|iPhone
		{AC17427B-C3FC-49DA-A902-99D40F69F7A1}.Release|x64.Deploy.0 = Release|iPhone
		{AC17427B-C3FC-49DA-A902-99D40F69F7A1}.Release|x86.ActiveCfg = Release|iPhone
		{AC17427B-C3FC-49DA-A902-99D40F69F7A1}.Release|x86.Build.0 = Release|iPhone
		{AC17427B-C3FC-49DA-A902-99D40F69F7A1}.Release|x86.Deploy.0 = Release|iPhone
		{F46157A1-AD1D-4602-9650-9F66C5753B01}.Ad-Hoc|Any CPU.ActiveCfg = Release|x86
		{F46157A1-AD1D-4602-9650-9F66C5753B01}.Ad-Hoc|Any CPU.Build.0 = Release|x86
		{F46157A1-AD1D-4602-9650-9F66C5753B01}.Ad-Hoc|Any CPU.Deploy.0 = Release|x86
		{F46157A1-AD1D-4602-9650-9F66C5753B01}.Ad-Hoc|ARM.ActiveCfg = Release|ARM
		{F46157A1-AD1D-4602-9650-9F66C5753B01}.Ad-Hoc|ARM.Build.0 = Release|ARM
		{F46157A1-AD1D-4602-9650-9F66C5753B01}.Ad-Hoc|ARM.Deploy.0 = Release|ARM
		{F46157A1-AD1D-4602-9650-9F66C5753B01}.Ad-Hoc|iPhone.ActiveCfg = Release|x86
		{F46157A1-AD1D-4602-9650-9F66C5753B01}.Ad-Hoc|iPhone.Build.0 = Release|x86
		{F46157A1-AD1D-4602-9650-9F66C5753B01}.Ad-Hoc|iPhone.Deploy.0 = Release|x86
		{F46157A1-AD1D-4602-9650-9F66C5753B01}.Ad-Hoc|iPhoneSimulator.ActiveCfg = Release|x86
		{F46157A1-AD1D-4602-9650-9F66C5753B01}.Ad-Hoc|iPhoneSimulator.Build.0 = Release|x86
		{F46157A1-AD1D-4602-9650-9F66C5753B01}.Ad-Hoc|iPhoneSimulator.Deploy.0 = Release|x86
		{F46157A1-AD1D-4602-9650-9F66C5753B01}.Ad-Hoc|x64.ActiveCfg = Release|x64
		{F46157A1-AD1D-4602-9650-9F66C5753B01}.Ad-Hoc|x64.Build.0 = Release|x64
		{F46157A1-AD1D-4602-9650-9F66C5753B01}.Ad-Hoc|x64.Deploy.0 = Release|x64
		{F46157A1-AD1D-4602-9650-9F66C5753B01}.Ad-Hoc|x86.ActiveCfg = Release|x86
		{F46157A1-AD1D-4602-9650-9F66C5753B01}.Ad-Hoc|x86.Build.0 = Release|x86
		{F46157A1-AD1D-4602-9650-9F66C5753B01}.Ad-Hoc|x86.Deploy.0 = Release|x86
		{F46157A1-AD1D-4602-9650-9F66C5753B01}.AppStore|Any CPU.ActiveCfg = Release|x86
		{F46157A1-AD1D-4602-9650-9F66C5753B01}.AppStore|Any CPU.Build.0 = Release|x86
		{F46157A1-AD1D-4602-9650-9F66C5753B01}.AppStore|Any CPU.Deploy.0 = Release|x86
		{F46157A1-AD1D-4602-9650-9F66C5753B01}.AppStore|ARM.ActiveCfg = Release|ARM
		{F46157A1-AD1D-4602-9650-9F66C5753B01}.AppStore|ARM.Build.0 = Release|ARM
		{F46157A1-AD1D-4602-9650-9F66C5753B01}.AppStore|ARM.Deploy.0 = Release|ARM
		{F46157A1-AD1D-4602-9650-9F66C5753B01}.AppStore|iPhone.ActiveCfg = Release|x86
		{F46157A1-AD1D-4602-9650-9F66C5753B01}.AppStore|iPhone.Build.0 = Release|x86
		{F46157A1-AD1D-4602-9650-9F66C5753B01}.AppStore|iPhone.Deploy.0 = Release|x86
		{F46157A1-AD1D-4602-9650-9F66C5753B01}.AppStore|iPhoneSimulator.ActiveCfg = Release|x86
		{F46157A1-AD1D-4602-9650-9F66C5753B01}.AppStore|iPhoneSimulator.Build.0 = Release|x86
		{F46157A1-AD1D-4602-9650-9F66C5753B01}.AppStore|iPhoneSimulator.Deploy.0 = Release|x86
		{F46157A1-AD1D-4602-9650-9F66C5753B01}.AppStore|x64.ActiveCfg = Release|x64
		{F46157A1-AD1D-4602-9650-9F66C5753B01}.AppStore|x64.Build.0 = Release|x64
		{F46157A1-AD1D-4602-9650-9F66C5753B01}.AppStore|x64.Deploy.0 = Release|x64
		{F46157A1-AD1D-4602-9650-9F66C5753B01}.AppStore|x86.ActiveCfg = Release|x86
		{F46157A1-AD1D-4602-9650-9F66C5753B01}.AppStore|x86.Build.0 = Release|x86
		{F46157A1-AD1D-4602-9650-9F66C5753B01}.AppStore|x86.Deploy.0 = Release|x86
		{F46157A1-AD1D-4602-9650-9F66C5753B01}.Debug|Any CPU.ActiveCfg = Debug|x86
		{F46157A1-AD1D-4602-9650-9F66C5753B01}.Debug|Any CPU.Build.0 = Debug|x86
		{F46157A1-AD1D-4602-9650-9F66C5753B01}.Debug|Any CPU.Deploy.0 = Debug|x86
		{F46157A1-AD1D-4602-9650-9F66C5753B01}.Debug|ARM.ActiveCfg = Debug|ARM
		{F46157A1-AD1D-4602-9650-9F66C5753B01}.Debug|ARM.Build.0 = Debug|ARM
		{F46157A1-AD1D-4602-9650-9F66C5753B01}.Debug|ARM.Deploy.0 = Debug|ARM
		{F46157A1-AD1D-4602-9650-9F66C5753B01}.Debug|iPhone.ActiveCfg = Debug|x86
		{F46157A1-AD1D-4602-9650-9F66C5753B01}.Debug|iPhone.Build.0 = Debug|x86
		{F46157A1-AD1D-4602-9650-9F66C5753B01}.Debug|iPhone.Deploy.0 = Debug|x86
		{F46157A1-AD1D-4602-9650-9F66C5753B01}.Debug|iPhoneSimulator.ActiveCfg = Debug|x86
		{F46157A1-AD1D-4602-9650-9F66C5753B01}.Debug|iPhoneSimulator.Build.0 = Debug|x86
		{F46157A1-AD1D-4602-9650-9F66C5753B01}.Debug|iPhoneSimulator.Deploy.0 = Debug|x86
		{F46157A1-AD1D-4602-9650-9F66C5753B01}.Debug|x64.ActiveCfg = Debug|x64
		{F46157A1-AD1D-4602-9650-9F66C5753B01}.Debug|x64.Build.0 = Debug|x64
		{F46157A1-AD1D-4602-9650-9F66C5753B01}.Debug|x64.Deploy.0 = Debug|x64
		{F46157A1-AD1D-4602-9650-9F66C5753B01}.Debug|x86.ActiveCfg = Debug|x86
		{F46157A1-AD1D-4602-9650-9F66C5753B01}.Debug|x86.Build.0 = Debug|x86
		{F46157A1-AD1D-4602-9650-9F66C5753B01}.Debug|x86.Deploy.0 = Debug|x86
		{F46157A1-AD1D-4602-9650-9F66C5753B01}.Release|Any CPU.ActiveCfg = Release|x86
		{F46157A1-AD1D-4602-9650-9F66C5753B01}.Release|Any CPU.Build.0 = Release|x86
		{F46157A1-AD1D-4602-9650-9F66C5753B01}.Release|Any CPU.Deploy.0 = Release|x86
		{F46157A1-AD1D-4602-9650-9F66C5753B01}.Release|ARM.ActiveCfg = Release|ARM
		{F46157A1-AD1D-4602-9650-9F66C5753B01}.Release|ARM.Build.0 = Release|ARM
		{F46157A1-AD1D-4602-9650-9F66C5753B01}.Release|ARM.Deploy.0 = Release|ARM
		{F46157A1-AD1D-4602-9650-9F66C5753B01}.Release|iPhone.ActiveCfg = Release|x86
		{F46157A1-AD1D-4602-9650-9F66C5753B01}.Release|iPhone.Build.0 = Release|x86
		{F46157A1-AD1D-4602-9650-9F66C5753B01}.Release|iPhone.Deploy.0 = Release|x86
		{F46157A1-AD1D-4602-9650-9F66C5753B01}.Release|iPhoneSimulator.ActiveCfg = Release|x86
		{F46157A1-AD1D-4602-9650-9F66C5753B01}.Release|iPhoneSimulator.Build.0 = Release|x86
		{F46157A1-AD1D-4602-9650-9F66C5753B01}.Release|iPhoneSimulator.Deploy.0 = Release|x86
		{F46157A1-AD1D-4602-9650-9F66C5753B01}.Release|x64.ActiveCfg = Release|x64
		{F46157A1-AD1D-4602-9650-9F66C5753B01}.Release|x64.Build.0 = Release|x64
		{F46157A1-AD1D-4602-9650-9F66C5753B01}.Release|x64.Deploy.0 = Release|x64
		{F46157A1-AD1D-4602-9650-9F66C5753B01}.Release|x86.ActiveCfg = Release|x86
		{F46157A1-AD1D-4602-9650-9F66C5753B01}.Release|x86.Build.0 = Release|x86
		{F46157A1-AD1D-4602-9650-9F66C5753B01}.Release|x86.Deploy.0 = Release|x86
		{617B13E7-3E81-490D-B195-E0EF0D8D30CF}.Ad-Hoc|Any CPU.ActiveCfg = Debug|Any CPU
		{617B13E7-3E81-490D-B195-E0EF0D8D30CF}.Ad-Hoc|Any CPU.Build.0 = Debug|Any CPU
		{617B13E7-3E81-490D-B195-E0EF0D8D30CF}.Ad-Hoc|Any CPU.Deploy.0 = Debug|Any CPU
		{617B13E7-3E81-490D-B195-E0EF0D8D30CF}.Ad-Hoc|ARM.ActiveCfg = Debug|Any CPU
		{617B13E7-3E81-490D-B195-E0EF0D8D30CF}.Ad-Hoc|ARM.Build.0 = Debug|Any CPU
		{617B13E7-3E81-490D-B195-E0EF0D8D30CF}.Ad-Hoc|ARM.Deploy.0 = Debug|Any CPU
		{617B13E7-3E81-490D-B195-E0EF0D8D30CF}.Ad-Hoc|iPhone.ActiveCfg = Debug|Any CPU
		{617B13E7-3E81-490D-B195-E0EF0D8D30CF}.Ad-Hoc|iPhone.Build.0 = Debug|Any CPU
		{617B13E7-3E81-490D-B195-E0EF0D8D30CF}.Ad-Hoc|iPhone.Deploy.0 = Debug|Any CPU
		{617B13E7-3E81-490D-B195-E0EF0D8D30CF}.Ad-Hoc|iPhoneSimulator.ActiveCfg = Debug|Any CPU
		{617B13E7-3E81-490D-B195-E0EF0D8D30CF}.Ad-Hoc|iPhoneSimulator.Build.0 = Debug|Any CPU
		{617B13E7-3E81-490D-B195-E0EF0D8D30CF}.Ad-Hoc|iPhoneSimulator.Deploy.0 = Debug|Any CPU
		{617B13E7-3E81-490D-B195-E0EF0D8D30CF}.Ad-Hoc|x64.ActiveCfg = Debug|Any CPU
		{617B13E7-3E81-490D-B195-E0EF0D8D30CF}.Ad-Hoc|x64.Build.0 = Debug|Any CPU
		{617B13E7-3E81-490D-B195-E0EF0D8D30CF}.Ad-Hoc|x64.Deploy.0 = Debug|Any CPU
		{617B13E7-3E81-490D-B195-E0EF0D8D30CF}.Ad-Hoc|x86.ActiveCfg = Debug|Any CPU
		{617B13E7-3E81-490D-B195-E0EF0D8D30CF}.Ad-Hoc|x86.Build.0 = Debug|Any CPU
		{617B13E7-3E81-490D-B195-E0EF0D8D30CF}.Ad-Hoc|x86.Deploy.0 = Debug|Any CPU
		{617B13E7-3E81-490D-B195-E0EF0D8D30CF}.AppStore|Any CPU.ActiveCfg = Debug|Any CPU
		{617B13E7-3E81-490D-B195-E0EF0D8D30CF}.AppStore|Any CPU.Build.0 = Debug|Any CPU
		{617B13E7-3E81-490D-B195-E0EF0D8D30CF}.AppStore|Any CPU.Deploy.0 = Debug|Any CPU
		{617B13E7-3E81-490D-B195-E0EF0D8D30CF}.AppStore|ARM.ActiveCfg = Debug|Any CPU
		{617B13E7-3E81-490D-B195-E0EF0D8D30CF}.AppStore|ARM.Build.0 = Debug|Any CPU
		{617B13E7-3E81-490D-B195-E0EF0D8D30CF}.AppStore|ARM.Deploy.0 = Debug|Any CPU
		{617B13E7-3E81-490D-B195-E0EF0D8D30CF}.AppStore|iPhone.ActiveCfg = Debug|Any CPU
		{617B13E7-3E81-490D-B195-E0EF0D8D30CF}.AppStore|iPhone.Build.0 = Debug|Any CPU
		{617B13E7-3E81-490D-B195-E0EF0D8D30CF}.AppStore|iPhone.Deploy.0 = Debug|Any CPU
		{617B13E7-3E81-490D-B195-E0EF0D8D30CF}.AppStore|iPhoneSimulator.ActiveCfg = Debug|Any CPU
		{617B13E7-3E81-490D-B195-E0EF0D8D30CF}.AppStore|iPhoneSimulator.Build.0 = Debug|Any CPU
		{617B13E7-3E81-490D-B195-E0EF0D8D30CF}.AppStore|iPhoneSimulator.Deploy.0 = Debug|Any CPU
		{617B13E7-3E81-490D-B195-E0EF0D8D30CF}.AppStore|x64.ActiveCfg = Debug|Any CPU
		{617B13E7-3E81-490D-B195-E0EF0D8D30CF}.AppStore|x64.Build.0 = Debug|Any CPU
		{617B13E7-3E81-490D-B195-E0EF0D8D30CF}.AppStore|x64.Deploy.0 = Debug|Any CPU
		{617B13E7-3E81-490D-B195-E0EF0D8D30CF}.AppStore|x86.ActiveCfg = Debug|Any CPU
		{617B13E7-3E81-490D-B195-E0EF0D8D30CF}.AppStore|x86.Build.0 = Debug|Any CPU
		{617B13E7-3E81-490D-B195-E0EF0D8D30CF}.AppStore|x86.Deploy.0 = Debug|Any CPU
		{617B13E7-3E81-490D-B195-E0EF0D8D30CF}.Debug|Any CPU.ActiveCfg = Debug|Any CPU
		{617B13E7-3E81-490D-B195-E0EF0D8D30CF}.Debug|Any CPU.Build.0 = Debug|Any CPU
		{617B13E7-3E81-490D-B195-E0EF0D8D30CF}.Debug|Any CPU.Deploy.0 = Debug|Any CPU
		{617B13E7-3E81-490D-B195-E0EF0D8D30CF}.Debug|ARM.ActiveCfg = Debug|Any CPU
		{617B13E7-3E81-490D-B195-E0EF0D8D30CF}.Debug|ARM.Build.0 = Debug|Any CPU
		{617B13E7-3E81-490D-B195-E0EF0D8D30CF}.Debug|ARM.Deploy.0 = Debug|Any CPU
		{617B13E7-3E81-490D-B195-E0EF0D8D30CF}.Debug|iPhone.ActiveCfg = Debug|Any CPU
		{617B13E7-3E81-490D-B195-E0EF0D8D30CF}.Debug|iPhone.Build.0 = Debug|Any CPU
		{617B13E7-3E81-490D-B195-E0EF0D8D30CF}.Debug|iPhone.Deploy.0 = Debug|Any CPU
		{617B13E7-3E81-490D-B195-E0EF0D8D30CF}.Debug|iPhoneSimulator.ActiveCfg = Debug|Any CPU
		{617B13E7-3E81-490D-B195-E0EF0D8D30CF}.Debug|iPhoneSimulator.Build.0 = Debug|Any CPU
		{617B13E7-3E81-490D-B195-E0EF0D8D30CF}.Debug|iPhoneSimulator.Deploy.0 = Debug|Any CPU
		{617B13E7-3E81-490D-B195-E0EF0D8D30CF}.Debug|x64.ActiveCfg = Debug|Any CPU
		{617B13E7-3E81-490D-B195-E0EF0D8D30CF}.Debug|x64.Build.0 = Debug|Any CPU
		{617B13E7-3E81-490D-B195-E0EF0D8D30CF}.Debug|x64.Deploy.0 = Debug|Any CPU
		{617B13E7-3E81-490D-B195-E0EF0D8D30CF}.Debug|x86.ActiveCfg = Debug|Any CPU
		{617B13E7-3E81-490D-B195-E0EF0D8D30CF}.Debug|x86.Build.0 = Debug|Any CPU
		{617B13E7-3E81-490D-B195-E0EF0D8D30CF}.Debug|x86.Deploy.0 = Debug|Any CPU
		{617B13E7-3E81-490D-B195-E0EF0D8D30CF}.Release|Any CPU.ActiveCfg = Release|Any CPU
		{617B13E7-3E81-490D-B195-E0EF0D8D30CF}.Release|Any CPU.Build.0 = Release|Any CPU
		{617B13E7-3E81-490D-B195-E0EF0D8D30CF}.Release|Any CPU.Deploy.0 = Release|Any CPU
		{617B13E7-3E81-490D-B195-E0EF0D8D30CF}.Release|ARM.ActiveCfg = Release|Any CPU
		{617B13E7-3E81-490D-B195-E0EF0D8D30CF}.Release|ARM.Build.0 = Release|Any CPU
		{617B13E7-3E81-490D-B195-E0EF0D8D30CF}.Release|ARM.Deploy.0 = Release|Any CPU
		{617B13E7-3E81-490D-B195-E0EF0D8D30CF}.Release|iPhone.ActiveCfg = Release|Any CPU
		{617B13E7-3E81-490D-B195-E0EF0D8D30CF}.Release|iPhone.Build.0 = Release|Any CPU
		{617B13E7-3E81-490D-B195-E0EF0D8D30CF}.Release|iPhone.Deploy.0 = Release|Any CPU
		{617B13E7-3E81-490D-B195-E0EF0D8D30CF}.Release|iPhoneSimulator.ActiveCfg = Release|Any CPU
		{617B13E7-3E81-490D-B195-E0EF0D8D30CF}.Release|iPhoneSimulator.Build.0 = Release|Any CPU
		{617B13E7-3E81-490D-B195-E0EF0D8D30CF}.Release|iPhoneSimulator.Deploy.0 = Release|Any CPU
		{617B13E7-3E81-490D-B195-E0EF0D8D30CF}.Release|x64.ActiveCfg = Release|Any CPU
		{617B13E7-3E81-490D-B195-E0EF0D8D30CF}.Release|x64.Build.0 = Release|Any CPU
		{617B13E7-3E81-490D-B195-E0EF0D8D30CF}.Release|x64.Deploy.0 = Release|Any CPU
		{617B13E7-3E81-490D-B195-E0EF0D8D30CF}.Release|x86.ActiveCfg = Release|Any CPU
		{617B13E7-3E81-490D-B195-E0EF0D8D30CF}.Release|x86.Build.0 = Release|Any CPU
		{617B13E7-3E81-490D-B195-E0EF0D8D30CF}.Release|x86.Deploy.0 = Release|Any CPU
	EndGlobalSection
	GlobalSection(SolutionProperties) = preSolution
		HideSolutionNode = FALSE
	EndGlobalSection
	GlobalSection(ExtensibilityGlobals) = postSolution
		SolutionGuid = {7244F7DF-C8B3-4B4A-8A76-D3C5A521F238}
	EndGlobalSection
EndGlobal
